
Microsoft Visual Studio Solution File, Format Version 12.00
# Visual Studio Version 17
VisualStudioVersion = 17.11.34929.205
MinimumVisualStudioVersion = 10.0.40219.1
Project("{9A19103F-16F7-4668-BE54-9A1E7A4F7556}") = "N.EntityFrameworkCore.Extensions.SqlServer", "N.EntityFrameworkCore.Extensions.SqlServer\N.EntityFrameworkCore.Extensions.SqlServer.csproj", "{EBFA8667-BB63-41C0-A5BA-E41CA2B553E8}"
EndProject
Project("{9A19103F-16F7-4668-BE54-9A1E7A4F7556}") = "N.EntityFrameworkCore.Extensions.SqlServer.Test", "N.EntityFrameworkCore.Extensions.Test\N.EntityFrameworkCore.Extensions.SqlServer.Test\N.EntityFrameworkCore.Extensions.SqlServer.Test.csproj", "{A52CDEFF-F507-4EA2-B5B1-AE46A3AFCE95}"
EndProject
Project("{2150E333-8FDC-42A3-9474-1A3956D46DE8}") = "N.EntityFrameworkCore.Extensions.Test", "N.EntityFrameworkCore.Extensions.Test", "{CBD9B889-7168-4D7F-898F-3111EABC28DE}"
EndProject
Project("{2150E333-8FDC-42A3-9474-1A3956D46DE8}") = "Solution Items", "Solution Items", "{A169187F-E5B6-4C2D-AB86-7B92B05D27C0}"
	ProjectSection(SolutionItems) = preProject
		.editorconfig = .editorconfig
	EndProjectSection
EndProject
Project("{FAE04EC0-301F-11D3-BF4B-00C04F79EFBC}") = "N.EntityFrameworkCore.Extensions.PostgreSql", "N.EntityFrameworkCore.Extensions.PostgreSql\N.EntityFrameworkCore.Extensions.PostgreSql.csproj", "{992C6666-72D7-4E9A-905C-A8A0A37B0F28}"
EndProject
Project("{FAE04EC0-301F-11D3-BF4B-00C04F79EFBC}") = "N.EntityFrameworkCore.Extensions.PostgreSql.Test", "N.EntityFrameworkCore.Extensions.Test\N.EntityFrameworkCore.Extensions.PostgreSql.Test\N.EntityFrameworkCore.Extensions.PostgreSql.Test.csproj", "{6CE9CBC4-2626-4464-A92E-35E92D5284B4}"
EndProject
Project("{9A19103F-16F7-4668-BE54-9A1E7A4F7556}") = "N.EntityFrameworkCore.Extensions.MySql", "N.EntityFrameworkCore.Extensions.MySql\N.EntityFrameworkCore.Extensions.MySql.csproj", "{51DD9C47-4F1B-472E-AFE1-BE1E0D3A1009}"
EndProject
Project("{9A19103F-16F7-4668-BE54-9A1E7A4F7556}") = "N.EntityFrameworkCore.Extensions.MySql.Test", "N.EntityFrameworkCore.Extensions.Test\N.EntityFrameworkCore.Extensions.MySql.Test\N.EntityFrameworkCore.Extensions.MySql.Test.csproj", "{C02A68C1-39E3-45A5-B7C3-CB24374B4B43}"
EndProject
Project("{FAE04EC0-301F-11D3-BF4B-00C04F79EFBC}") = "N.EntityFrameworkCore.Extensions", "N.EntityFrameworkCore.Extensions\N.EntityFrameworkCore.Extensions.csproj", "{DD7629D4-2E9D-4192-B4A5-06F49B9D5B5E}"
EndProject
Global
	GlobalSection(SolutionConfigurationPlatforms) = preSolution
		Debug|Any CPU = Debug|Any CPU
		Debug|x64 = Debug|x64
		Debug|x86 = Debug|x86
		Release|Any CPU = Release|Any CPU
		Release|x64 = Release|x64
		Release|x86 = Release|x86
	EndGlobalSection
	GlobalSection(ProjectConfigurationPlatforms) = postSolution
		{EBFA8667-BB63-41C0-A5BA-E41CA2B553E8}.Debug|Any CPU.ActiveCfg = Debug|Any CPU
		{EBFA8667-BB63-41C0-A5BA-E41CA2B553E8}.Debug|Any CPU.Build.0 = Debug|Any CPU
		{EBFA8667-BB63-41C0-A5BA-E41CA2B553E8}.Debug|x64.ActiveCfg = Debug|Any CPU
		{EBFA8667-BB63-41C0-A5BA-E41CA2B553E8}.Debug|x64.Build.0 = Debug|Any CPU
		{EBFA8667-BB63-41C0-A5BA-E41CA2B553E8}.Debug|x86.ActiveCfg = Debug|Any CPU
		{EBFA8667-BB63-41C0-A5BA-E41CA2B553E8}.Debug|x86.Build.0 = Debug|Any CPU
		{EBFA8667-BB63-41C0-A5BA-E41CA2B553E8}.Release|Any CPU.ActiveCfg = Release|Any CPU
		{EBFA8667-BB63-41C0-A5BA-E41CA2B553E8}.Release|Any CPU.Build.0 = Release|Any CPU
		{EBFA8667-BB63-41C0-A5BA-E41CA2B553E8}.Release|x64.ActiveCfg = Release|Any CPU
		{EBFA8667-BB63-41C0-A5BA-E41CA2B553E8}.Release|x64.Build.0 = Release|Any CPU
		{EBFA8667-BB63-41C0-A5BA-E41CA2B553E8}.Release|x86.ActiveCfg = Release|Any CPU
		{EBFA8667-BB63-41C0-A5BA-E41CA2B553E8}.Release|x86.Build.0 = Release|Any CPU
		{A52CDEFF-F507-4EA2-B5B1-AE46A3AFCE95}.Debug|Any CPU.ActiveCfg = Debug|Any CPU
		{A52CDEFF-F507-4EA2-B5B1-AE46A3AFCE95}.Debug|Any CPU.Build.0 = Debug|Any CPU
		{A52CDEFF-F507-4EA2-B5B1-AE46A3AFCE95}.Debug|x64.ActiveCfg = Debug|Any CPU
		{A52CDEFF-F507-4EA2-B5B1-AE46A3AFCE95}.Debug|x64.Build.0 = Debug|Any CPU
		{A52CDEFF-F507-4EA2-B5B1-AE46A3AFCE95}.Debug|x86.ActiveCfg = Debug|Any CPU
		{A52CDEFF-F507-4EA2-B5B1-AE46A3AFCE95}.Debug|x86.Build.0 = Debug|Any CPU
		{A52CDEFF-F507-4EA2-B5B1-AE46A3AFCE95}.Release|Any CPU.ActiveCfg = Release|Any CPU
		{A52CDEFF-F507-4EA2-B5B1-AE46A3AFCE95}.Release|Any CPU.Build.0 = Release|Any CPU
		{A52CDEFF-F507-4EA2-B5B1-AE46A3AFCE95}.Release|x64.ActiveCfg = Release|Any CPU
		{A52CDEFF-F507-4EA2-B5B1-AE46A3AFCE95}.Release|x64.Build.0 = Release|Any CPU
		{A52CDEFF-F507-4EA2-B5B1-AE46A3AFCE95}.Release|x86.ActiveCfg = Release|Any CPU
		{A52CDEFF-F507-4EA2-B5B1-AE46A3AFCE95}.Release|x86.Build.0 = Release|Any CPU
		{992C6666-72D7-4E9A-905C-A8A0A37B0F28}.Debug|Any CPU.ActiveCfg = Debug|Any CPU
		{992C6666-72D7-4E9A-905C-A8A0A37B0F28}.Debug|Any CPU.Build.0 = Debug|Any CPU
		{992C6666-72D7-4E9A-905C-A8A0A37B0F28}.Debug|x64.ActiveCfg = Debug|Any CPU
		{992C6666-72D7-4E9A-905C-A8A0A37B0F28}.Debug|x64.Build.0 = Debug|Any CPU
		{992C6666-72D7-4E9A-905C-A8A0A37B0F28}.Debug|x86.ActiveCfg = Debug|Any CPU
		{992C6666-72D7-4E9A-905C-A8A0A37B0F28}.Debug|x86.Build.0 = Debug|Any CPU
		{992C6666-72D7-4E9A-905C-A8A0A37B0F28}.Release|Any CPU.ActiveCfg = Release|Any CPU
		{992C6666-72D7-4E9A-905C-A8A0A37B0F28}.Release|Any CPU.Build.0 = Release|Any CPU
		{992C6666-72D7-4E9A-905C-A8A0A37B0F28}.Release|x64.ActiveCfg = Release|Any CPU
		{992C6666-72D7-4E9A-905C-A8A0A37B0F28}.Release|x64.Build.0 = Release|Any CPU
		{992C6666-72D7-4E9A-905C-A8A0A37B0F28}.Release|x86.ActiveCfg = Release|Any CPU
		{992C6666-72D7-4E9A-905C-A8A0A37B0F28}.Release|x86.Build.0 = Release|Any CPU
		{6CE9CBC4-2626-4464-A92E-35E92D5284B4}.Debug|Any CPU.ActiveCfg = Debug|Any CPU
		{6CE9CBC4-2626-4464-A92E-35E92D5284B4}.Debug|Any CPU.Build.0 = Debug|Any CPU
		{6CE9CBC4-2626-4464-A92E-35E92D5284B4}.Debug|x64.ActiveCfg = Debug|Any CPU
		{6CE9CBC4-2626-4464-A92E-35E92D5284B4}.Debug|x64.Build.0 = Debug|Any CPU
		{6CE9CBC4-2626-4464-A92E-35E92D5284B4}.Debug|x86.ActiveCfg = Debug|Any CPU
		{6CE9CBC4-2626-4464-A92E-35E92D5284B4}.Debug|x86.Build.0 = Debug|Any CPU
		{6CE9CBC4-2626-4464-A92E-35E92D5284B4}.Release|Any CPU.ActiveCfg = Release|Any CPU
		{6CE9CBC4-2626-4464-A92E-35E92D5284B4}.Release|Any CPU.Build.0 = Release|Any CPU
		{6CE9CBC4-2626-4464-A92E-35E92D5284B4}.Release|x64.ActiveCfg = Release|Any CPU
		{6CE9CBC4-2626-4464-A92E-35E92D5284B4}.Release|x64.Build.0 = Release|Any CPU
		{6CE9CBC4-2626-4464-A92E-35E92D5284B4}.Release|x86.ActiveCfg = Release|Any CPU
		{6CE9CBC4-2626-4464-A92E-35E92D5284B4}.Release|x86.Build.0 = Release|Any CPU
		{51DD9C47-4F1B-472E-AFE1-BE1E0D3A1009}.Debug|Any CPU.ActiveCfg = Debug|Any CPU
		{51DD9C47-4F1B-472E-AFE1-BE1E0D3A1009}.Debug|Any CPU.Build.0 = Debug|Any CPU
		{51DD9C47-4F1B-472E-AFE1-BE1E0D3A1009}.Debug|x64.ActiveCfg = Debug|Any CPU
		{51DD9C47-4F1B-472E-AFE1-BE1E0D3A1009}.Debug|x64.Build.0 = Debug|Any CPU
		{51DD9C47-4F1B-472E-AFE1-BE1E0D3A1009}.Debug|x86.ActiveCfg = Debug|Any CPU
		{51DD9C47-4F1B-472E-AFE1-BE1E0D3A1009}.Debug|x86.Build.0 = Debug|Any CPU
		{51DD9C47-4F1B-472E-AFE1-BE1E0D3A1009}.Release|Any CPU.ActiveCfg = Release|Any CPU
		{51DD9C47-4F1B-472E-AFE1-BE1E0D3A1009}.Release|Any CPU.Build.0 = Release|Any CPU
		{51DD9C47-4F1B-472E-AFE1-BE1E0D3A1009}.Release|x64.ActiveCfg = Release|Any CPU
		{51DD9C47-4F1B-472E-AFE1-BE1E0D3A1009}.Release|x64.Build.0 = Release|Any CPU
		{51DD9C47-4F1B-472E-AFE1-BE1E0D3A1009}.Release|x86.ActiveCfg = Release|Any CPU
		{51DD9C47-4F1B-472E-AFE1-BE1E0D3A1009}.Release|x86.Build.0 = Release|Any CPU
		{C02A68C1-39E3-45A5-B7C3-CB24374B4B43}.Debug|Any CPU.ActiveCfg = Debug|Any CPU
		{C02A68C1-39E3-45A5-B7C3-CB24374B4B43}.Debug|Any CPU.Build.0 = Debug|Any CPU
		{C02A68C1-39E3-45A5-B7C3-CB24374B4B43}.Debug|x64.ActiveCfg = Debug|Any CPU
		{C02A68C1-39E3-45A5-B7C3-CB24374B4B43}.Debug|x64.Build.0 = Debug|Any CPU
		{C02A68C1-39E3-45A5-B7C3-CB24374B4B43}.Debug|x86.ActiveCfg = Debug|Any CPU
		{C02A68C1-39E3-45A5-B7C3-CB24374B4B43}.Debug|x86.Build.0 = Debug|Any CPU
		{C02A68C1-39E3-45A5-B7C3-CB24374B4B43}.Release|Any CPU.ActiveCfg = Release|Any CPU
		{C02A68C1-39E3-45A5-B7C3-CB24374B4B43}.Release|Any CPU.Build.0 = Release|Any CPU
		{C02A68C1-39E3-45A5-B7C3-CB24374B4B43}.Release|x64.ActiveCfg = Release|Any CPU
		{C02A68C1-39E3-45A5-B7C3-CB24374B4B43}.Release|x64.Build.0 = Release|Any CPU
		{C02A68C1-39E3-45A5-B7C3-CB24374B4B43}.Release|x86.ActiveCfg = Release|Any CPU
		{C02A68C1-39E3-45A5-B7C3-CB24374B4B43}.Release|x86.Build.0 = Release|Any CPU
		{DD7629D4-2E9D-4192-B4A5-06F49B9D5B5E}.Debug|Any CPU.ActiveCfg = Debug|Any CPU
		{DD7629D4-2E9D-4192-B4A5-06F49B9D5B5E}.Debug|Any CPU.Build.0 = Debug|Any CPU
		{DD7629D4-2E9D-4192-B4A5-06F49B9D5B5E}.Debug|x64.ActiveCfg = Debug|Any CPU
		{DD7629D4-2E9D-4192-B4A5-06F49B9D5B5E}.Debug|x64.Build.0 = Debug|Any CPU
		{DD7629D4-2E9D-4192-B4A5-06F49B9D5B5E}.Debug|x86.ActiveCfg = Debug|Any CPU
		{DD7629D4-2E9D-4192-B4A5-06F49B9D5B5E}.Debug|x86.Build.0 = Debug|Any CPU
		{DD7629D4-2E9D-4192-B4A5-06F49B9D5B5E}.Release|Any CPU.ActiveCfg = Release|Any CPU
		{DD7629D4-2E9D-4192-B4A5-06F49B9D5B5E}.Release|Any CPU.Build.0 = Release|Any CPU
		{DD7629D4-2E9D-4192-B4A5-06F49B9D5B5E}.Release|x64.ActiveCfg = Release|Any CPU
		{DD7629D4-2E9D-4192-B4A5-06F49B9D5B5E}.Release|x64.Build.0 = Release|Any CPU
		{DD7629D4-2E9D-4192-B4A5-06F49B9D5B5E}.Release|x86.ActiveCfg = Release|Any CPU
		{DD7629D4-2E9D-4192-B4A5-06F49B9D5B5E}.Release|x86.Build.0 = Release|Any CPU
	EndGlobalSection
	GlobalSection(SolutionProperties) = preSolution
		HideSolutionNode = FALSE
	EndGlobalSection
	GlobalSection(NestedProjects) = preSolution
		{A52CDEFF-F507-4EA2-B5B1-AE46A3AFCE95} = {CBD9B889-7168-4D7F-898F-3111EABC28DE}
		{6CE9CBC4-2626-4464-A92E-35E92D5284B4} = {CBD9B889-7168-4D7F-898F-3111EABC28DE}
		{C02A68C1-39E3-45A5-B7C3-CB24374B4B43} = {CBD9B889-7168-4D7F-898F-3111EABC28DE}
	EndGlobalSection
	GlobalSection(ExtensibilityGlobals) = postSolution
		SolutionGuid = {68C5AD77-58F3-4E3F-8238-73ADAB7059C2}
	EndGlobalSection
EndGlobal
